
Microsoft Visual Studio Solution File, Format Version 12.00
# Visual Studio 14
VisualStudioVersion = 14.0.25420.1
MinimumVisualStudioVersion = 10.0.40219.1
Project("{FAE04EC0-301F-11D3-BF4B-00C04F79EFBC}") = "domain", "domain\domain.csproj", "{F72C110E-E8E4-4F51-8540-A6EDC75D8224}"
EndProject
Project("{FAE04EC0-301F-11D3-BF4B-00C04F79EFBC}") = "infra", "infra\infra.csproj", "{6FF0D535-6391-4CE4-8A50-1E0DD3403F59}"
EndProject
Project("{FAE04EC0-301F-11D3-BF4B-00C04F79EFBC}") = "api", "api\api.csproj", "{FA6BDC43-05B2-4951-BDF6-62B3B61643CB}"
EndProject
Global
	GlobalSection(SolutionConfigurationPlatforms) = preSolution
		Debug|Any CPU = Debug|Any CPU
		Release|Any CPU = Release|Any CPU
	EndGlobalSection
	GlobalSection(ProjectConfigurationPlatforms) = postSolution
		{F72C110E-E8E4-4F51-8540-A6EDC75D8224}.Debug|Any CPU.ActiveCfg = Debug|Any CPU
		{F72C110E-E8E4-4F51-8540-A6EDC75D8224}.Debug|Any CPU.Build.0 = Debug|Any CPU
		{F72C110E-E8E4-4F51-8540-A6EDC75D8224}.Release|Any CPU.ActiveCfg = Release|Any CPU
		{F72C110E-E8E4-4F51-8540-A6EDC75D8224}.Release|Any CPU.Build.0 = Release|Any CPU
		{6FF0D535-6391-4CE4-8A50-1E0DD3403F59}.Debug|Any CPU.ActiveCfg = Debug|Any CPU
		{6FF0D535-6391-4CE4-8A50-1E0DD3403F59}.Debug|Any CPU.Build.0 = Debug|Any CPU
		{6FF0D535-6391-4CE4-8A50-1E0DD3403F59}.Release|Any CPU.ActiveCfg = Release|Any CPU
		{6FF0D535-6391-4CE4-8A50-1E0DD3403F59}.Release|Any CPU.Build.0 = Release|Any CPU
		{FA6BDC43-05B2-4951-BDF6-62B3B61643CB}.Debug|Any CPU.ActiveCfg = Debug|Any CPU
		{FA6BDC43-05B2-4951-BDF6-62B3B61643CB}.Debug|Any CPU.Build.0 = Debug|Any CPU
		{FA6BDC43-05B2-4951-BDF6-62B3B61643CB}.Release|Any CPU.ActiveCfg = Release|Any CPU
		{FA6BDC43-05B2-4951-BDF6-62B3B61643CB}.Release|Any CPU.Build.0 = Release|Any CPU
	EndGlobalSection
	GlobalSection(SolutionProperties) = preSolution
		HideSolutionNode = FALSE
	EndGlobalSection
EndGlobal
