
Microsoft Visual Studio Solution File, Format Version 12.00
# Visual Studio 14
VisualStudioVersion = 14.0.25420.1
MinimumVisualStudioVersion = 10.0.40219.1
Project("{FAE04EC0-301F-11D3-BF4B-00C04F79EFBC}") = "Repositorio", "Repositorio\Repositorio.csproj", "{90CC961B-435B-4986-9994-DD29F5CF7B23}"
EndProject
Project("{FAE04EC0-301F-11D3-BF4B-00C04F79EFBC}") = "Servico", "Servico\Servico.csproj", "{0D489085-6718-400E-BF22-43FF5B11FCE3}"
EndProject
Project("{FAE04EC0-301F-11D3-BF4B-00C04F79EFBC}") = "Api", "Api\Api.csproj", "{B0EF3B50-33F4-4456-9ABD-4EEEE7D1146F}"
EndProject
Global
	GlobalSection(SolutionConfigurationPlatforms) = preSolution
		Debug|Any CPU = Debug|Any CPU
		Release|Any CPU = Release|Any CPU
	EndGlobalSection
	GlobalSection(ProjectConfigurationPlatforms) = postSolution
		{90CC961B-435B-4986-9994-DD29F5CF7B23}.Debug|Any CPU.ActiveCfg = Debug|Any CPU
		{90CC961B-435B-4986-9994-DD29F5CF7B23}.Debug|Any CPU.Build.0 = Debug|Any CPU
		{90CC961B-435B-4986-9994-DD29F5CF7B23}.Release|Any CPU.ActiveCfg = Release|Any CPU
		{90CC961B-435B-4986-9994-DD29F5CF7B23}.Release|Any CPU.Build.0 = Release|Any CPU
		{0D489085-6718-400E-BF22-43FF5B11FCE3}.Debug|Any CPU.ActiveCfg = Debug|Any CPU
		{0D489085-6718-400E-BF22-43FF5B11FCE3}.Debug|Any CPU.Build.0 = Debug|Any CPU
		{0D489085-6718-400E-BF22-43FF5B11FCE3}.Release|Any CPU.ActiveCfg = Release|Any CPU
		{0D489085-6718-400E-BF22-43FF5B11FCE3}.Release|Any CPU.Build.0 = Release|Any CPU
		{B0EF3B50-33F4-4456-9ABD-4EEEE7D1146F}.Debug|Any CPU.ActiveCfg = Debug|Any CPU
		{B0EF3B50-33F4-4456-9ABD-4EEEE7D1146F}.Debug|Any CPU.Build.0 = Debug|Any CPU
		{B0EF3B50-33F4-4456-9ABD-4EEEE7D1146F}.Release|Any CPU.ActiveCfg = Release|Any CPU
		{B0EF3B50-33F4-4456-9ABD-4EEEE7D1146F}.Release|Any CPU.Build.0 = Release|Any CPU
	EndGlobalSection
	GlobalSection(SolutionProperties) = preSolution
		HideSolutionNode = FALSE
	EndGlobalSection
EndGlobal
